
Microsoft Visual Studio Solution File, Format Version 12.00
# Visual Studio Version 17
VisualStudioVersion = 17.0.32014.148
MinimumVisualStudioVersion = 10.0.40219.1
Project("{FAE04EC0-301F-11D3-BF4B-00C04F79EFBC}") = "Task-1-conversion tool", "Task-1-conversion tool\Task-1-conversion tool.csproj", "{DC0584BA-ACD6-45EA-B26A-C690D652AD2D}"
EndProject
Global
	GlobalSection(SolutionConfigurationPlatforms) = preSolution
		Debug|Any CPU = Debug|Any CPU
		Release|Any CPU = Release|Any CPU
	EndGlobalSection
	GlobalSection(ProjectConfigurationPlatforms) = postSolution
		{DC0584BA-ACD6-45EA-B26A-C690D652AD2D}.Debug|Any CPU.ActiveCfg = Debug|Any CPU
		{DC0584BA-ACD6-45EA-B26A-C690D652AD2D}.Debug|Any CPU.Build.0 = Debug|Any CPU
		{DC0584BA-ACD6-45EA-B26A-C690D652AD2D}.Release|Any CPU.ActiveCfg = Release|Any CPU
		{DC0584BA-ACD6-45EA-B26A-C690D652AD2D}.Release|Any CPU.Build.0 = Release|Any CPU
	EndGlobalSection
	GlobalSection(SolutionProperties) = preSolution
		HideSolutionNode = FALSE
	EndGlobalSection
	GlobalSection(ExtensibilityGlobals) = postSolution
		SolutionGuid = {B503EB5E-EDA2-424D-8275-9ECFC629439A}
	EndGlobalSection
EndGlobal
